{
  "name": "BOOKING",
  "lockfileVersion": 3,
  "requires": true,
  "packages": {
    "": {
      "dependencies": {
        "@payos/node": "^2.0.5",
        "adm-zip": "^0.5.17"
      }
    },
    "node_modules/@payos/node": {
      "version": "2.0.5",
      "resolved": "https://registry.npmjs.org/@payos/node/-/node-2.0.5.tgz",
      "integrity": "sha512-y2dRfqVMerbBr0gapFqNA+QwzJmhC0Hi0+IaXhOsXEOBRjIe9ZgeFqI3JBF3mXSM3YSf5HAjTAAk2XYtCvMpBQ==",
      "license": "ISC"
    },
    "node_modules/adm-zip": {
      "version": "0.5.17",
      "resolved": "https://registry.npmjs.org/adm-zip/-/adm-zip-0.5.17.tgz",
      "integrity": "sha512-+Ut8d9LLqwEvHHJl1+PIHqoyDxFgVN847JTVM3Izi3xHDWPE4UtzzXysMZQs64DMcrJfBeS/uoEP4AD3HQHnQQ==",
      "license": "MIT",
      "engines": {
        "node": ">=12.0"
      }
    }
  }
}
